# This file is automatically @generated by Poetry 2.1.3 and should not be changed by hand.

[[package]]
name = "pybreaker"
version = "1.4.0"
description = "Python implementation of the Circuit Breaker pattern"
optional = false
python-versions = ">=3.9"
groups = ["main"]
files = [
    {file = "pybreaker-1.4.0-py3-none-any.whl", hash = "sha256:98b3324575293ba5e62be0098041481eda603a934c4d59857bb724ecfbea4a4c"},
    {file = "pybreaker-1.4.0.tar.gz", hash = "sha256:82910927d504aca596b5266964eaeabf41361aff30feb31d568d3e530fcc6f2b"},
]

[package.extras]
test = ["fakeredis", "mock", "pytest", "redis", "tornado", "types-mock", "types-redis"]

[metadata]
lock-version = "2.1"
python-versions = ">=3.10"
content-hash = "b3292c43cf0709ac7c4c46c8615534da317ba43a5026b11bd1a5a94fa13ef336"
